// !$*UTF8*$!
{
	archiveVersion = 1;
	classes = {
	};
	objectVersion = 50;
	objects = {

/* Begin PBXBuildFile section */
		CD76EFDF24AF1BFC00CF8DA6 /* AppDelegate.swift in Sources */ = {isa = PBXBuildFile; fileRef = CD76EFDE24AF1BFC00CF8DA6 /* AppDelegate.swift */; };
		CD76EFE124AF1BFC00CF8DA6 /* SceneDelegate.swift in Sources */ = {isa = PBXBuildFile; fileRef = CD76EFE024AF1BFC00CF8DA6 /* SceneDelegate.swift */; };
		CD76EFE324AF1BFC00CF8DA6 /* ViewController.swift in Sources */ = {isa = PBXBuildFile; fileRef = CD76EFE224AF1BFC00CF8DA6 /* ViewController.swift */; };
		CD76EFE624AF1BFD00CF8DA6 /* Main.storyboard in Resources */ = {isa = PBXBuildFile; fileRef = CD76EFE424AF1BFD00CF8DA6 /* Main.storyboard */; };
		CD76EFE824AF1C0000CF8DA6 /* Assets.xcassets in Resources */ = {isa = PBXBuildFile; fileRef = CD76EFE724AF1C0000CF8DA6 /* Assets.xcassets */; };
		CD76EFEB24AF1C0000CF8DA6 /* LaunchScreen.storyboard in Resources */ = {isa = PBXBuildFile; fileRef = CD76EFE924AF1C0000CF8DA6 /* LaunchScreen.storyboard */; };
		CD76EFF324AF1D9300CF8DA6 /* FoodTableViewController.swift in Sources */ = {isa = PBXBuildFile; fileRef = CD76EFF224AF1D9300CF8DA6 /* FoodTableViewController.swift */; };
		CD76EFF724AF1DF600CF8DA6 /* LoginViewController.swift in Sources */ = {isa = PBXBuildFile; fileRef = CD76EFF624AF1DF600CF8DA6 /* LoginViewController.swift */; };
		CD76EFF924AF1E0A00CF8DA6 /* JoinViewController.swift in Sources */ = {isa = PBXBuildFile; fileRef = CD76EFF824AF1E0A00CF8DA6 /* JoinViewController.swift */; };
		CD76EFFB24AF52CD00CF8DA6 /* Food2TableViewController.swift in Sources */ = {isa = PBXBuildFile; fileRef = CD76EFFA24AF52CD00CF8DA6 /* Food2TableViewController.swift */; };
		CD76EFFD24B0683D00CF8DA6 /* Food3TableViewController.swift in Sources */ = {isa = PBXBuildFile; fileRef = CD76EFFC24B0683D00CF8DA6 /* Food3TableViewController.swift */; };
		CD76EFFF24B107EB00CF8DA6 /* FavoritesTableViewController.swift in Sources */ = {isa = PBXBuildFile; fileRef = CD76EFFE24B107EB00CF8DA6 /* FavoritesTableViewController.swift */; };
/* End PBXBuildFile section */

/* Begin PBXFileReference section */
		CD76EFDB24AF1BFC00CF8DA6 /* Project2.app */ = {isa = PBXFileReference; explicitFileType = wrapper.application; includeInIndex = 0; path = Project2.app; sourceTree = BUILT_PRODUCTS_DIR; };
		CD76EFDE24AF1BFC00CF8DA6 /* AppDelegate.swift */ = {isa = PBXFileReference; lastKnownFileType = sourcecode.swift; path = AppDelegate.swift; sourceTree = "<group>"; };
		CD76EFE024AF1BFC00CF8DA6 /* SceneDelegate.swift */ = {isa = PBXFileReference; lastKnownFileType = sourcecode.swift; path = SceneDelegate.swift; sourceTree = "<group>"; };
		CD76EFE224AF1BFC00CF8DA6 /* ViewController.swift */ = {isa = PBXFileReference; lastKnownFileType = sourcecode.swift; path = ViewController.swift; sourceTree = "<group>"; };
		CD76EFE524AF1BFD00CF8DA6 /* Base */ = {isa = PBXFileReference; lastKnownFileType = file.storyboard; name = Base; path = Base.lproj/Main.storyboard; sourceTree = "<group>"; };
		CD76EFE724AF1C0000CF8DA6 /* Assets.xcassets */ = {isa = PBXFileReference; lastKnownFileType = folder.assetcatalog; path = Assets.xcassets; sourceTree = "<group>"; };
		CD76EFEA24AF1C0000CF8DA6 /* Base */ = {isa = PBXFileReference; lastKnownFileType = file.storyboard; name = Base; path = Base.lproj/LaunchScreen.storyboard; sourceTree = "<group>"; };
		CD76EFEC24AF1C0000CF8DA6 /* Info.plist */ = {isa = PBXFileReference; lastKnownFileType = text.plist.xml; path = Info.plist; sourceTree = "<group>"; };
		CD76EFF224AF1D9300CF8DA6 /* FoodTableViewController.swift */ = {isa = PBXFileReference; lastKnownFileType = sourcecode.swift; path = FoodTableViewController.swift; sourceTree = "<group>"; };
		CD76EFF624AF1DF600CF8DA6 /* LoginViewController.swift */ = {isa = PBXFileReference; lastKnownFileType = sourcecode.swift; path = LoginViewController.swift; sourceTree = "<group>"; };
		CD76EFF824AF1E0A00CF8DA6 /* JoinViewController.swift */ = {isa = PBXFileReference; lastKnownFileType = sourcecode.swift; path = JoinViewController.swift; sourceTree = "<group>"; };
		CD76EFFA24AF52CD00CF8DA6 /* Food2TableViewController.swift */ = {isa = PBXFileReference; lastKnownFileType = sourcecode.swift; path = Food2TableViewController.swift; sourceTree = "<group>"; };
		CD76EFFC24B0683D00CF8DA6 /* Food3TableViewController.swift */ = {isa = PBXFileReference; lastKnownFileType = sourcecode.swift; path = Food3TableViewController.swift; sourceTree = "<group>"; };
		CD76EFFE24B107EB00CF8DA6 /* FavoritesTableViewController.swift */ = {isa = PBXFileReference; lastKnownFileType = sourcecode.swift; path = FavoritesTableViewController.swift; sourceTree = "<group>"; };
/* End PBXFileReference section */

/* Begin PBXFrameworksBuildPhase section */
		CD76EFD824AF1BFC00CF8DA6 /* Frameworks */ = {
			isa = PBXFrameworksBuildPhase;
			buildActionMask = 2147483647;
			files = (
			);
			runOnlyForDeploymentPostprocessing = 0;
		};
/* End PBXFrameworksBuildPhase section */

/* Begin PBXGroup section */
		CD76EFD224AF1BFC00CF8DA6 = {
			isa = PBXGroup;
			children = (
				CD76EFDD24AF1BFC00CF8DA6 /* Project2 */,
				CD76EFDC24AF1BFC00CF8DA6 /* Products */,
			);
			sourceTree = "<group>";
		};
		CD76EFDC24AF1BFC00CF8DA6 /* Products */ = {
			isa = PBXGroup;
			children = (
				CD76EFDB24AF1BFC00CF8DA6 /* Project2.app */,
			);
			name = Products;
			sourceTree = "<group>";
		};
		CD76EFDD24AF1BFC00CF8DA6 /* Project2 */ = {
			isa = PBXGroup;
			children = (
				CD76EFDE24AF1BFC00CF8DA6 /* AppDelegate.swift */,
				CD76EFE024AF1BFC00CF8DA6 /* SceneDelegate.swift */,
				CD76EFE224AF1BFC00CF8DA6 /* ViewController.swift */,
				CD76EFF824AF1E0A00CF8DA6 /* JoinViewController.swift */,
				CD76EFF624AF1DF600CF8DA6 /* LoginViewController.swift */,
				CD76EFF224AF1D9300CF8DA6 /* FoodTableViewController.swift */,
				CD76EFFA24AF52CD00CF8DA6 /* Food2TableViewController.swift */,
				CD76EFFC24B0683D00CF8DA6 /* Food3TableViewController.swift */,
				CD76EFFE24B107EB00CF8DA6 /* FavoritesTableViewController.swift */,
				CD76EFE424AF1BFD00CF8DA6 /* Main.storyboard */,
				CD76EFE724AF1C0000CF8DA6 /* Assets.xcassets */,
				CD76EFE924AF1C0000CF8DA6 /* LaunchScreen.storyboard */,
				CD76EFEC24AF1C0000CF8DA6 /* Info.plist */,
			);
			path = Project2;
			sourceTree = "<group>";
		};
/* End PBXGroup section */

/* Begin PBXNativeTarget section */
		CD76EFDA24AF1BFC00CF8DA6 /* Project2 */ = {
			isa = PBXNativeTarget;
			buildConfigurationList = CD76EFEF24AF1C0000CF8DA6 /* Build configuration list for PBXNativeTarget "Project2" */;
			buildPhases = (
				CD76EFD724AF1BFC00CF8DA6 /* Sources */,
				CD76EFD824AF1BFC00CF8DA6 /* Frameworks */,
				CD76EFD924AF1BFC00CF8DA6 /* Resources */,
			);
			buildRules = (
			);
			dependencies = (
			);
			name = Project2;
			productName = Project2;
			productReference = CD76EFDB24AF1BFC00CF8DA6 /* Project2.app */;
			productType = "com.apple.product-type.application";
		};
/* End PBXNativeTarget section */

/* Begin PBXProject section */
		CD76EFD324AF1BFC00CF8DA6 /* Project object */ = {
			isa = PBXProject;
			attributes = {
				LastSwiftUpdateCheck = 1130;
				LastUpgradeCheck = 1130;
				ORGANIZATIONNAME = SWUCOMPUTER;
				TargetAttributes = {
					CD76EFDA24AF1BFC00CF8DA6 = {
						CreatedOnToolsVersion = 11.3.1;
					};
				};
			};
			buildConfigurationList = CD76EFD624AF1BFC00CF8DA6 /* Build configuration list for PBXProject "Project2" */;
			compatibilityVersion = "Xcode 9.3";
			developmentRegion = en;
			hasScannedForEncodings = 0;
			knownRegions = (
				en,
				Base,
			);
			mainGroup = CD76EFD224AF1BFC00CF8DA6;
			productRefGroup = CD76EFDC24AF1BFC00CF8DA6 /* Products */;
			projectDirPath = "";
			projectRoot = "";
			targets = (
				CD76EFDA24AF1BFC00CF8DA6 /* Project2 */,
			);
		};
/* End PBXProject section */

/* Begin PBXResourcesBuildPhase section */
		CD76EFD924AF1BFC00CF8DA6 /* Resources */ = {
			isa = PBXResourcesBuildPhase;
			buildActionMask = 2147483647;
			files = (
				CD76EFEB24AF1C0000CF8DA6 /* LaunchScreen.storyboard in Resources */,
				CD76EFE824AF1C0000CF8DA6 /* Assets.xcassets in Resources */,
				CD76EFE624AF1BFD00CF8DA6 /* Main.storyboard in Resources */,
			);
			runOnlyForDeploymentPostprocessing = 0;
		};
/* End PBXResourcesBuildPhase section */

/* Begin PBXSourcesBuildPhase section */
		CD76EFD724AF1BFC00CF8DA6 /* Sources */ = {
			isa = PBXSourcesBuildPhase;
			buildActionMask = 2147483647;
			files = (
				CD76EFE324AF1BFC00CF8DA6 /* ViewController.swift in Sources */,
				CD76EFDF24AF1BFC00CF8DA6 /* AppDelegate.swift in Sources */,
				CD76EFFB24AF52CD00CF8DA6 /* Food2TableViewController.swift in Sources */,
				CD76EFFF24B107EB00CF8DA6 /* FavoritesTableViewController.swift in Sources */,
				CD76EFFD24B0683D00CF8DA6 /* Food3TableViewController.swift in Sources */,
				CD76EFE124AF1BFC00CF8DA6 /* SceneDelegate.swift in Sources */,
				CD76EFF724AF1DF600CF8DA6 /* LoginViewController.swift in Sources */,
				CD76EFF924AF1E0A00CF8DA6 /* JoinViewController.swift in Sources */,
				CD76EFF324AF1D9300CF8DA6 /* FoodTableViewController.swift in Sources */,
			);
			runOnlyForDeploymentPostprocessing = 0;
		};
/* End PBXSourcesBuildPhase section */

/* Begin PBXVariantGroup section */
		CD76EFE424AF1BFD00CF8DA6 /* Main.storyboard */ = {
			isa = PBXVariantGroup;
			children = (
				CD76EFE524AF1BFD00CF8DA6 /* Base */,
			);
			name = Main.storyboard;
			sourceTree = "<group>";
		};
		CD76EFE924AF1C0000CF8DA6 /* LaunchScreen.storyboard */ = {
			isa = PBXVariantGroup;
			children = (
				CD76EFEA24AF1C0000CF8DA6 /* Base */,
			);
			name = LaunchScreen.storyboard;
			sourceTree = "<group>";
		};
/* End PBXVariantGroup section */

/* Begin XCBuildConfiguration section */
		CD76EFED24AF1C0000CF8DA6 /* Debug */ = {
			isa = XCBuildConfiguration;
			buildSettings = {
				ALWAYS_SEARCH_USER_PATHS = NO;
				CLANG_ANALYZER_NONNULL = YES;
				CLANG_ANALYZER_NUMBER_OBJECT_CONVERSION = YES_AGGRESSIVE;
				CLANG_CXX_LANGUAGE_STANDARD = "gnu++14";
				CLANG_CXX_LIBRARY = "libc++";
				CLANG_ENABLE_MODULES = YES;
				CLANG_ENABLE_OBJC_ARC = YES;
				CLANG_ENABLE_OBJC_WEAK = YES;
				CLANG_WARN_BLOCK_CAPTURE_AUTORELEASING = YES;
				CLANG_WARN_BOOL_CONVERSION = YES;
				CLANG_WARN_COMMA = YES;
				CLANG_WARN_CONSTANT_CONVERSION = YES;
				CLANG_WARN_DEPRECATED_OBJC_IMPLEMENTATIONS = YES;
				CLANG_WARN_DIRECT_OBJC_ISA_USAGE = YES_ERROR;
				CLANG_WARN_DOCUMENTATION_COMMENTS = YES;
				CLANG_WARN_EMPTY_BODY = YES;
				CLANG_WARN_ENUM_CONVERSION = YES;
				CLANG_WARN_INFINITE_RECURSION = YES;
				CLANG_WARN_INT_CONVERSION = YES;
				CLANG_WARN_NON_LITERAL_NULL_CONVERSION = YES;
				CLANG_WARN_OBJC_IMPLICIT_RETAIN_SELF = YES;
				CLANG_WARN_OBJC_LITERAL_CONVERSION = YES;
				CLANG_WARN_OBJC_ROOT_CLASS = YES_ERROR;
				CLANG_WARN_RANGE_LOOP_ANALYSIS = YES;
				CLANG_WARN_STRICT_PROTOTYPES = YES;
				CLANG_WARN_SUSPICIOUS_MOVE = YES;
				CLANG_WARN_UNGUARDED_AVAILABILITY = YES_AGGRESSIVE;
				CLANG_WARN_UNREACHABLE_CODE = YES;
				CLANG_WARN__DUPLICATE_METHOD_MATCH = YES;
				COPY_PHASE_STRIP = NO;
				DEBUG_INFORMATION_FORMAT = dwarf;
				ENABLE_STRICT_OBJC_MSGSEND = YES;
				ENABLE_TESTABILITY = YES;
				GCC_C_LANGUAGE_STANDARD = gnu11;
				GCC_DYNAMIC_NO_PIC = NO;
				GCC_NO_COMMON_BLOCKS = YES;
				GCC_OPTIMIZATION_LEVEL = 0;
				GCC_PREPROCESSOR_DEFINITIONS = (
					"DEBUG=1",
					"$(inherited)",
				);
				GCC_WARN_64_TO_32_BIT_CONVERSION = YES;
				GCC_WARN_ABOUT_RETURN_TYPE = YES_ERROR;
				GCC_WARN_UNDECLARED_SELECTOR = YES;
				GCC_WARN_UNINITIALIZED_AUTOS = YES_AGGRESSIVE;
				GCC_WARN_UNUSED_FUNCTION = YES;
				GCC_WARN_UNUSED_VARIABLE = YES;
				IPHONEOS_DEPLOYMENT_TARGET = 13.2;
				MTL_ENABLE_DEBUG_INFO = INCLUDE_SOURCE;
				MTL_FAST_MATH = YES;
				ONLY_ACTIVE_ARCH = YES;
				SDKROOT = iphoneos;
				SWIFT_ACTIVE_COMPILATION_CONDITIONS = DEBUG;
				SWIFT_OPTIMIZATION_LEVEL = "-Onone";
			};
			name = Debug;
		};
		CD76EFEE24AF1C0000CF8DA6 /* Release */ = {
			isa = XCBuildConfiguration;
			buildSettings = {
				ALWAYS_SEARCH_USER_PATHS = NO;
				CLANG_ANALYZER_NONNULL = YES;
				CLANG_ANALYZER_NUMBER_OBJECT_CONVERSION = YES_AGGRESSIVE;
				CLANG_CXX_LANGUAGE_STANDARD = "gnu++14";
				CLANG_CXX_LIBRARY = "libc++";
				CLANG_ENABLE_MODULES = YES;
				CLANG_ENABLE_OBJC_ARC = YES;
				CLANG_ENABLE_OBJC_WEAK = YES;
				CLANG_WARN_BLOCK_CAPTURE_AUTORELEASING = YES;
				CLANG_WARN_BOOL_CONVERSION = YES;
				CLANG_WARN_COMMA = YES;
				CLANG_WARN_CONSTANT_CONVERSION = YES;
				CLANG_WARN_DEPRECATED_OBJC_IMPLEMENTATIONS = YES;
				CLANG_WARN_DIRECT_OBJC_ISA_USAGE = YES_ERROR;
				CLANG_WARN_DOCUMENTATION_COMMENTS = YES;
				CLANG_WARN_EMPTY_BODY = YES;
				CLANG_WARN_ENUM_CONVERSION = YES;
				CLANG_WARN_INFINITE_RECURSION = YES;
				CLANG_WARN_INT_CONVERSION = YES;
				CLANG_WARN_NON_LITERAL_NULL_CONVERSION = YES;
				CLANG_WARN_OBJC_IMPLICIT_RETAIN_SELF = YES;
				CLANG_WARN_OBJC_LITERAL_CONVERSION = YES;
				CLANG_WARN_OBJC_ROOT_CLASS = YES_ERROR;
				CLANG_WARN_RANGE_LOOP_ANALYSIS = YES;
				CLANG_WARN_STRICT_PROTOTYPES = YES;
				CLANG_WARN_SUSPICIOUS_MOVE = YES;
				CLANG_WARN_UNGUARDED_AVAILABILITY = YES_AGGRESSIVE;
				CLANG_WARN_UNREACHABLE_CODE = YES;
				CLANG_WARN__DUPLICATE_METHOD_MATCH = YES;
				COPY_PHASE_STRIP = NO;
				DEBUG_INFORMATION_FORMAT = "dwarf-with-dsym";
				ENABLE_NS_ASSERTIONS = NO;
				ENABLE_STRICT_OBJC_MSGSEND = YES;
				GCC_C_LANGUAGE_STANDARD = gnu11;
				GCC_NO_COMMON_BLOCKS = YES;
				GCC_WARN_64_TO_32_BIT_CONVERSION = YES;
				GCC_WARN_ABOUT_RETURN_TYPE = YES_ERROR;
				GCC_WARN_UNDECLARED_SELECTOR = YES;
				GCC_WARN_UNINITIALIZED_AUTOS = YES_AGGRESSIVE;
				GCC_WARN_UNUSED_FUNCTION = YES;
				GCC_WARN_UNUSED_VARIABLE = YES;
				IPHONEOS_DEPLOYMENT_TARGET = 13.2;
				MTL_ENABLE_DEBUG_INFO = NO;
				MTL_FAST_MATH = YES;
				SDKROOT = iphoneos;
				SWIFT_COMPILATION_MODE = wholemodule;
				SWIFT_OPTIMIZATION_LEVEL = "-O";
				VALIDATE_PRODUCT = YES;
			};
			name = Release;
		};
		CD76EFF024AF1C0000CF8DA6 /* Debug */ = {
			isa = XCBuildConfiguration;
			buildSettings = {
				ASSETCATALOG_COMPILER_APPICON_NAME = AppIcon;
				CODE_SIGN_STYLE = Automatic;
				INFOPLIST_FILE = Project2/Info.plist;
				LD_RUNPATH_SEARCH_PATHS = (
					"$(inherited)",
					"@executable_path/Frameworks",
				);
				PRODUCT_BUNDLE_IDENTIFIER = kr.ac.swu.Project2;
				PRODUCT_NAME = "$(TARGET_NAME)";
				SWIFT_VERSION = 5.0;
				TARGETED_DEVICE_FAMILY = "1,2";
			};
			name = Debug;
		};
		CD76EFF124AF1C0000CF8DA6 /* Release */ = {
			isa = XCBuildConfiguration;
			buildSettings = {
				ASSETCATALOG_COMPILER_APPICON_NAME = AppIcon;
				CODE_SIGN_STYLE = Automatic;
				INFOPLIST_FILE = Project2/Info.plist;
				LD_RUNPATH_SEARCH_PATHS = (
					"$(inherited)",
					"@executable_path/Frameworks",
				);
				PRODUCT_BUNDLE_IDENTIFIER = kr.ac.swu.Project2;
				PRODUCT_NAME = "$(TARGET_NAME)";
				SWIFT_VERSION = 5.0;
				TARGETED_DEVICE_FAMILY = "1,2";
			};
			name = Release;
		};
/* End XCBuildConfiguration section */

/* Begin XCConfigurationList section */
		CD76EFD624AF1BFC00CF8DA6 /* Build configuration list for PBXProject "Project2" */ = {
			isa = XCConfigurationList;
			buildConfigurations = (
				CD76EFED24AF1C0000CF8DA6 /* Debug */,
				CD76EFEE24AF1C0000CF8DA6 /* Release */,
			);
			defaultConfigurationIsVisible = 0;
			defaultConfigurationName = Release;
		};
		CD76EFEF24AF1C0000CF8DA6 /* Build configuration list for PBXNativeTarget "Project2" */ = {
			isa = XCConfigurationList;
			buildConfigurations = (
				CD76EFF024AF1C0000CF8DA6 /* Debug */,
				CD76EFF124AF1C0000CF8DA6 /* Release */,
			);
			defaultConfigurationIsVisible = 0;
			defaultConfigurationName = Release;
		};
/* End XCConfigurationList section */
	};
	rootObject = CD76EFD324AF1BFC00CF8DA6 /* Project object */;
}
